# THIS IS AN AUTOGENERATED FILE. DO NOT EDIT THIS FILE DIRECTLY.
# yarn lockfile v1


bootstrap@^5.3.3:
  version "5.3.3"
  resolved "https://registry.yarnpkg.com/bootstrap/-/bootstrap-5.3.3.tgz#de35e1a765c897ac940021900fcbb831602bac38"
  integrity sha512-8HLCdWgyoMguSO9o+aH+iuZ+aht+mzW0u3HIMzVu7Srrpv7EBBxTnrFlSCskwdY1+EOFQSm7uMJhNQHkdPcmjg==

lightbox2@^2.11.5:
  version "2.11.5"
  resolved "https://registry.yarnpkg.com/lightbox2/-/lightbox2-2.11.5.tgz#440543a9561224551f559e6e9249d72485435c78"
  integrity sha512-IsDqv/D9pjgh7GvwTNvmHF98+nrIcOD17fraXgtx8ivq469y95l5ycLi6SeZAZHdeyD3cGLjYwbDX8SRfWx5fA==
